
Microsoft Visual Studio Solution File, Format Version 12.00
# Visual Studio Version 17
VisualStudioVersion = 17.1.32210.238
MinimumVisualStudioVersion = 10.0.40219.1
Project("{FAE04EC0-301F-11D3-BF4B-00C04F79EFBC}") = "GeneratorPassword", "GeneratorPassword\GeneratorPassword.csproj", "{6274F23C-C058-4F64-8599-0DF9651B15A8}"
EndProject
Global
	GlobalSection(SolutionConfigurationPlatforms) = preSolution
		Debug|Any CPU = Debug|Any CPU
		Release|Any CPU = Release|Any CPU
	EndGlobalSection
	GlobalSection(ProjectConfigurationPlatforms) = postSolution
		{6274F23C-C058-4F64-8599-0DF9651B15A8}.Debug|Any CPU.ActiveCfg = Debug|Any CPU
		{6274F23C-C058-4F64-8599-0DF9651B15A8}.Debug|Any CPU.Build.0 = Debug|Any CPU
		{6274F23C-C058-4F64-8599-0DF9651B15A8}.Release|Any CPU.ActiveCfg = Release|Any CPU
		{6274F23C-C058-4F64-8599-0DF9651B15A8}.Release|Any CPU.Build.0 = Release|Any CPU
	EndGlobalSection
	GlobalSection(SolutionProperties) = preSolution
		HideSolutionNode = FALSE
	EndGlobalSection
	GlobalSection(ExtensibilityGlobals) = postSolution
		SolutionGuid = {843DBFD7-2A97-4084-ABE0-1ECBBC0C2154}
	EndGlobalSection
EndGlobal
