
Microsoft Visual Studio Solution File, Format Version 12.00
# Visual Studio Version 17
VisualStudioVersion = 17.1.32210.238
MinimumVisualStudioVersion = 10.0.40219.1
Project("{FAE04EC0-301F-11D3-BF4B-00C04F79EFBC}") = "CaesarsCipher", "CaesarsCipher\CaesarsCipher.csproj", "{FFE33702-3835-4BF3-8CC4-97677A7EAAA4}"
EndProject
Global
	GlobalSection(SolutionConfigurationPlatforms) = preSolution
		Debug|Any CPU = Debug|Any CPU
		Release|Any CPU = Release|Any CPU
	EndGlobalSection
	GlobalSection(ProjectConfigurationPlatforms) = postSolution
		{FFE33702-3835-4BF3-8CC4-97677A7EAAA4}.Debug|Any CPU.ActiveCfg = Debug|Any CPU
		{FFE33702-3835-4BF3-8CC4-97677A7EAAA4}.Debug|Any CPU.Build.0 = Debug|Any CPU
		{FFE33702-3835-4BF3-8CC4-97677A7EAAA4}.Release|Any CPU.ActiveCfg = Release|Any CPU
		{FFE33702-3835-4BF3-8CC4-97677A7EAAA4}.Release|Any CPU.Build.0 = Release|Any CPU
	EndGlobalSection
	GlobalSection(SolutionProperties) = preSolution
		HideSolutionNode = FALSE
	EndGlobalSection
	GlobalSection(ExtensibilityGlobals) = postSolution
		SolutionGuid = {48F3D944-6510-415C-9371-DCA050AC0453}
	EndGlobalSection
EndGlobal
